
Microsoft Visual Studio Solution File, Format Version 12.00
# Visual Studio Version 17
VisualStudioVersion = 17.9.34607.119
MinimumVisualStudioVersion = 10.0.40219.1
Project("{FAE04EC0-301F-11D3-BF4B-00C04F79EFBC}") = "ExemploAula", "ExemploAula\ExemploAula.csproj", "{C59DA132-F78D-4610-AD74-4F27402BE524}"
EndProject
Project("{FAE04EC0-301F-11D3-BF4B-00C04F79EFBC}") = "IntroducaoPooTests", "IntroducaoPooTests\IntroducaoPooTests.csproj", "{493E894A-A08E-418C-8047-F10453A9F69E}"
EndProject
Global
	GlobalSection(SolutionConfigurationPlatforms) = preSolution
		Debug|Any CPU = Debug|Any CPU
		Release|Any CPU = Release|Any CPU
	EndGlobalSection
	GlobalSection(ProjectConfigurationPlatforms) = postSolution
		{C59DA132-F78D-4610-AD74-4F27402BE524}.Debug|Any CPU.ActiveCfg = Debug|Any CPU
		{C59DA132-F78D-4610-AD74-4F27402BE524}.Debug|Any CPU.Build.0 = Debug|Any CPU
		{C59DA132-F78D-4610-AD74-4F27402BE524}.Release|Any CPU.ActiveCfg = Release|Any CPU
		{C59DA132-F78D-4610-AD74-4F27402BE524}.Release|Any CPU.Build.0 = Release|Any CPU
		{493E894A-A08E-418C-8047-F10453A9F69E}.Debug|Any CPU.ActiveCfg = Debug|Any CPU
		{493E894A-A08E-418C-8047-F10453A9F69E}.Debug|Any CPU.Build.0 = Debug|Any CPU
		{493E894A-A08E-418C-8047-F10453A9F69E}.Release|Any CPU.ActiveCfg = Release|Any CPU
		{493E894A-A08E-418C-8047-F10453A9F69E}.Release|Any CPU.Build.0 = Release|Any CPU
	EndGlobalSection
	GlobalSection(SolutionProperties) = preSolution
		HideSolutionNode = FALSE
	EndGlobalSection
	GlobalSection(ExtensibilityGlobals) = postSolution
		SolutionGuid = {B8C88821-DCAE-4F1D-9F9B-25D77A59D994}
	EndGlobalSection
EndGlobal
